Microsoft Visual Studio Solution File, Format Version 12.00
# Visual Studio Version 17
VisualStudioVersion = 17.5.2.0
MinimumVisualStudioVersion = 10.0.40219.1
Project("{FAE04EC0-301F-11D3-BF4B-00C04F79EFBC}") = "ControleDeGastosWeb", "ControleDeGastosWeb\ControleDeGastosWeb.csproj", "{1B8A9902-4A19-ECD1-8034-A7DB88762850}"
EndProject
Project("{FAE04EC0-301F-11D3-BF4B-00C04F79EFBC}") = "MaxiprodApp", "MaxiprodApp\MaxiprodApp.csproj", "{0DB3C8E1-98EB-9599-3188-0E6EA65FB643}"
EndProject
Global
	GlobalSection(SolutionConfigurationPlatforms) = preSolution
		Debug|Any CPU = Debug|Any CPU
		Release|Any CPU = Release|Any CPU
	EndGlobalSection
	GlobalSection(ProjectConfigurationPlatforms) = postSolution
		{1B8A9902-4A19-ECD1-8034-A7DB88762850}.Debug|Any CPU.ActiveCfg = Debug|Any CPU
		{1B8A9902-4A19-ECD1-8034-A7DB88762850}.Debug|Any CPU.Build.0 = Debug|Any CPU
		{1B8A9902-4A19-ECD1-8034-A7DB88762850}.Release|Any CPU.ActiveCfg = Release|Any CPU
		{1B8A9902-4A19-ECD1-8034-A7DB88762850}.Release|Any CPU.Build.0 = Release|Any CPU
		{0DB3C8E1-98EB-9599-3188-0E6EA65FB643}.Debug|Any CPU.ActiveCfg = Debug|Any CPU
		{0DB3C8E1-98EB-9599-3188-0E6EA65FB643}.Debug|Any CPU.Build.0 = Debug|Any CPU
		{0DB3C8E1-98EB-9599-3188-0E6EA65FB643}.Release|Any CPU.ActiveCfg = Release|Any CPU
		{0DB3C8E1-98EB-9599-3188-0E6EA65FB643}.Release|Any CPU.Build.0 = Release|Any CPU
	EndGlobalSection
	GlobalSection(SolutionProperties) = preSolution
		HideSolutionNode = FALSE
	EndGlobalSection
	GlobalSection(ExtensibilityGlobals) = postSolution
		SolutionGuid = {6B59F6A0-1AD0-46FE-911A-1AC0902482E2}
	EndGlobalSection
EndGlobal
